// !$*UTF8*$!
{
	archiveVersion = 1;
	classes = {
	};
	objectVersion = 56;
	objects = {

/* Begin PBXBuildFile section */
		2693D4FE2ADF39890026C410 /* TicTacToeApp.swift in Sources */ = {isa = PBXBuildFile; fileRef = 2693D4FD2ADF39890026C410 /* TicTacToeApp.swift */; };
		2693D5022ADF398A0026C410 /* Assets.xcassets in Resources */ = {isa = PBXBuildFile; fileRef = 2693D5012ADF398A0026C410 /* Assets.xcassets */; };
		2693D5052ADF398A0026C410 /* Preview Assets.xcassets in Resources */ = {isa = PBXBuildFile; fileRef = 2693D5042ADF398A0026C410 /* Preview Assets.xcassets */; };
		2693D5122ADF39D70026C410 /* Player.swift in Sources */ = {isa = PBXBuildFile; fileRef = 2693D50C2ADF39D60026C410 /* Player.swift */; };
		2693D5132ADF39D70026C410 /* GameView.swift in Sources */ = {isa = PBXBuildFile; fileRef = 2693D50F2ADF39D70026C410 /* GameView.swift */; };
		2693D5142ADF39D70026C410 /* TicTacToeCell.swift in Sources */ = {isa = PBXBuildFile; fileRef = 2693D5102ADF39D70026C410 /* TicTacToeCell.swift */; };
		2693D5152ADF39D70026C410 /* ContentView.swift in Sources */ = {isa = PBXBuildFile; fileRef = 2693D5112ADF39D70026C410 /* ContentView.swift */; };
		2693D5182ADF3A240026C410 /* TicTacToeGame.swift in Sources */ = {isa = PBXBuildFile; fileRef = 2693D5172ADF3A240026C410 /* TicTacToeGame.swift */; };
		2693D51A2ADF3A440026C410 /* AlertMessage.swift in Sources */ = {isa = PBXBuildFile; fileRef = 2693D5192ADF3A440026C410 /* AlertMessage.swift */; };
/* End PBXBuildFile section */

/* Begin PBXFileReference section */
		2693D4FA2ADF39890026C410 /* TicTacToe-Starter.app */ = {isa = PBXFileReference; explicitFileType = wrapper.application; includeInIndex = 0; path = "TicTacToe-Starter.app"; sourceTree = BUILT_PRODUCTS_DIR; };
		2693D4FD2ADF39890026C410 /* TicTacToeApp.swift */ = {isa = PBXFileReference; lastKnownFileType = sourcecode.swift; path = TicTacToeApp.swift; sourceTree = "<group>"; };
		2693D5012ADF398A0026C410 /* Assets.xcassets */ = {isa = PBXFileReference; lastKnownFileType = folder.assetcatalog; path = Assets.xcassets; sourceTree = "<group>"; };
		2693D5042ADF398A0026C410 /* Preview Assets.xcassets */ = {isa = PBXFileReference; lastKnownFileType = folder.assetcatalog; path = "Preview Assets.xcassets"; sourceTree = "<group>"; };
		2693D50C2ADF39D60026C410 /* Player.swift */ = {isa = PBXFileReference; fileEncoding = 4; lastKnownFileType = sourcecode.swift; path = Player.swift; sourceTree = "<group>"; };
		2693D50F2ADF39D70026C410 /* GameView.swift */ = {isa = PBXFileReference; fileEncoding = 4; lastKnownFileType = sourcecode.swift; path = GameView.swift; sourceTree = "<group>"; };
		2693D5102ADF39D70026C410 /* TicTacToeCell.swift */ = {isa = PBXFileReference; fileEncoding = 4; lastKnownFileType = sourcecode.swift; path = TicTacToeCell.swift; sourceTree = "<group>"; };
		2693D5112ADF39D70026C410 /* ContentView.swift */ = {isa = PBXFileReference; fileEncoding = 4; lastKnownFileType = sourcecode.swift; path = ContentView.swift; sourceTree = "<group>"; };
		2693D5172ADF3A240026C410 /* TicTacToeGame.swift */ = {isa = PBXFileReference; fileEncoding = 4; lastKnownFileType = sourcecode.swift; path = TicTacToeGame.swift; sourceTree = "<group>"; };
		2693D5192ADF3A440026C410 /* AlertMessage.swift */ = {isa = PBXFileReference; lastKnownFileType = sourcecode.swift; path = AlertMessage.swift; sourceTree = "<group>"; };
/* End PBXFileReference section */

/* Begin PBXFrameworksBuildPhase section */
		2693D4F72ADF39890026C410 /* Frameworks */ = {
			isa = PBXFrameworksBuildPhase;
			buildActionMask = 2147483647;
			files = (
			);
			runOnlyForDeploymentPostprocessing = 0;
		};
/* End PBXFrameworksBuildPhase section */

/* Begin PBXGroup section */
		2693D4F12ADF39890026C410 = {
			isa = PBXGroup;
			children = (
				2693D4FC2ADF39890026C410 /* TicTacToe */,
				2693D4FB2ADF39890026C410 /* Products */,
			);
			sourceTree = "<group>";
		};
		2693D4FB2ADF39890026C410 /* Products */ = {
			isa = PBXGroup;
			children = (
				2693D4FA2ADF39890026C410 /* TicTacToe-Starter.app */,
			);
			name = Products;
			sourceTree = "<group>";
		};
		2693D4FC2ADF39890026C410 /* TicTacToe */ = {
			isa = PBXGroup;
			children = (
				2693D5162ADF3A240026C410 /* Logic */,
				2693D50B2ADF39D60026C410 /* Models */,
				2693D50D2ADF39D70026C410 /* UI */,
				2693D4FD2ADF39890026C410 /* TicTacToeApp.swift */,
				2693D5012ADF398A0026C410 /* Assets.xcassets */,
				2693D5032ADF398A0026C410 /* Preview Content */,
			);
			path = TicTacToe;
			sourceTree = "<group>";
		};
		2693D5032ADF398A0026C410 /* Preview Content */ = {
			isa = PBXGroup;
			children = (
				2693D5042ADF398A0026C410 /* Preview Assets.xcassets */,
			);
			path = "Preview Content";
			sourceTree = "<group>";
		};
		2693D50B2ADF39D60026C410 /* Models */ = {
			isa = PBXGroup;
			children = (
				2693D50C2ADF39D60026C410 /* Player.swift */,
				2693D5192ADF3A440026C410 /* AlertMessage.swift */,
			);
			path = Models;
			sourceTree = "<group>";
		};
		2693D50D2ADF39D70026C410 /* UI */ = {
			isa = PBXGroup;
			children = (
				2693D50E2ADF39D70026C410 /* Game */,
				2693D5112ADF39D70026C410 /* ContentView.swift */,
			);
			path = UI;
			sourceTree = "<group>";
		};
		2693D50E2ADF39D70026C410 /* Game */ = {
			isa = PBXGroup;
			children = (
				2693D50F2ADF39D70026C410 /* GameView.swift */,
				2693D5102ADF39D70026C410 /* TicTacToeCell.swift */,
			);
			path = Game;
			sourceTree = "<group>";
		};
		2693D5162ADF3A240026C410 /* Logic */ = {
			isa = PBXGroup;
			children = (
				2693D5172ADF3A240026C410 /* TicTacToeGame.swift */,
			);
			path = Logic;
			sourceTree = "<group>";
		};
/* End PBXGroup section */

/* Begin PBXNativeTarget section */
		2693D4F92ADF39890026C410 /* TicTacToe-Starter */ = {
			isa = PBXNativeTarget;
			buildConfigurationList = 2693D5082ADF398A0026C410 /* Build configuration list for PBXNativeTarget "TicTacToe-Starter" */;
			buildPhases = (
				2693D4F62ADF39890026C410 /* Sources */,
				2693D4F72ADF39890026C410 /* Frameworks */,
				2693D4F82ADF39890026C410 /* Resources */,
			);
			buildRules = (
			);
			dependencies = (
			);
			name = "TicTacToe-Starter";
			productName = TicTacToe;
			productReference = 2693D4FA2ADF39890026C410 /* TicTacToe-Starter.app */;
			productType = "com.apple.product-type.application";
		};
/* End PBXNativeTarget section */

/* Begin PBXProject section */
		2693D4F22ADF39890026C410 /* Project object */ = {
			isa = PBXProject;
			attributes = {
				BuildIndependentTargetsInParallel = 1;
				LastSwiftUpdateCheck = 1500;
				LastUpgradeCheck = 1500;
				TargetAttributes = {
					2693D4F92ADF39890026C410 = {
						CreatedOnToolsVersion = 15.0;
					};
				};
			};
			buildConfigurationList = 2693D4F52ADF39890026C410 /* Build configuration list for PBXProject "TicTacToe-Starter" */;
			compatibilityVersion = "Xcode 14.0";
			developmentRegion = en;
			hasScannedForEncodings = 0;
			knownRegions = (
				en,
				Base,
			);
			mainGroup = 2693D4F12ADF39890026C410;
			productRefGroup = 2693D4FB2ADF39890026C410 /* Products */;
			projectDirPath = "";
			projectRoot = "";
			targets = (
				2693D4F92ADF39890026C410 /* TicTacToe-Starter */,
			);
		};
/* End PBXProject section */

/* Begin PBXResourcesBuildPhase section */
		2693D4F82ADF39890026C410 /* Resources */ = {
			isa = PBXResourcesBuildPhase;
			buildActionMask = 2147483647;
			files = (
				2693D5052ADF398A0026C410 /* Preview Assets.xcassets in Resources */,
				2693D5022ADF398A0026C410 /* Assets.xcassets in Resources */,
			);
			runOnlyForDeploymentPostprocessing = 0;
		};
/* End PBXResourcesBuildPhase section */

/* Begin PBXSourcesBuildPhase section */
		2693D4F62ADF39890026C410 /* Sources */ = {
			isa = PBXSourcesBuildPhase;
			buildActionMask = 2147483647;
			files = (
				2693D5182ADF3A240026C410 /* TicTacToeGame.swift in Sources */,
				2693D5142ADF39D70026C410 /* TicTacToeCell.swift in Sources */,
				2693D5152ADF39D70026C410 /* ContentView.swift in Sources */,
				2693D5122ADF39D70026C410 /* Player.swift in Sources */,
				2693D5132ADF39D70026C410 /* GameView.swift in Sources */,
				2693D4FE2ADF39890026C410 /* TicTacToeApp.swift in Sources */,
				2693D51A2ADF3A440026C410 /* AlertMessage.swift in Sources */,
			);
			runOnlyForDeploymentPostprocessing = 0;
		};
/* End PBXSourcesBuildPhase section */

/* Begin XCBuildConfiguration section */
		2693D5062ADF398A0026C410 /* Debug */ = {
			isa = XCBuildConfiguration;
			buildSettings = {
				ALWAYS_SEARCH_USER_PATHS = NO;
				ASSETCATALOG_COMPILER_GENERATE_SWIFT_ASSET_SYMBOL_EXTENSIONS = YES;
				CLANG_ANALYZER_NONNULL = YES;
				CLANG_ANALYZER_NUMBER_OBJECT_CONVERSION = YES_AGGRESSIVE;
				CLANG_CXX_LANGUAGE_STANDARD = "gnu++20";
				CLANG_ENABLE_MODULES = YES;
				CLANG_ENABLE_OBJC_ARC = YES;
				CLANG_ENABLE_OBJC_WEAK = YES;
				CLANG_WARN_BLOCK_CAPTURE_AUTORELEASING = YES;
				CLANG_WARN_BOOL_CONVERSION = YES;
				CLANG_WARN_COMMA = YES;
				CLANG_WARN_CONSTANT_CONVERSION = YES;
				CLANG_WARN_DEPRECATED_OBJC_IMPLEMENTATIONS = YES;
				CLANG_WARN_DIRECT_OBJC_ISA_USAGE = YES_ERROR;
				CLANG_WARN_DOCUMENTATION_COMMENTS = YES;
				CLANG_WARN_EMPTY_BODY = YES;
				CLANG_WARN_ENUM_CONVERSION = YES;
				CLANG_WARN_INFINITE_RECURSION = YES;
				CLANG_WARN_INT_CONVERSION = YES;
				CLANG_WARN_NON_LITERAL_NULL_CONVERSION = YES;
				CLANG_WARN_OBJC_IMPLICIT_RETAIN_SELF = YES;
				CLANG_WARN_OBJC_LITERAL_CONVERSION = YES;
				CLANG_WARN_OBJC_ROOT_CLASS = YES_ERROR;
				CLANG_WARN_QUOTED_INCLUDE_IN_FRAMEWORK_HEADER = YES;
				CLANG_WARN_RANGE_LOOP_ANALYSIS = YES;
				CLANG_WARN_STRICT_PROTOTYPES = YES;
				CLANG_WARN_SUSPICIOUS_MOVE = YES;
				CLANG_WARN_UNGUARDED_AVAILABILITY = YES_AGGRESSIVE;
				CLANG_WARN_UNREACHABLE_CODE = YES;
				CLANG_WARN__DUPLICATE_METHOD_MATCH = YES;
				COPY_PHASE_STRIP = NO;
				DEBUG_INFORMATION_FORMAT = dwarf;
				ENABLE_STRICT_OBJC_MSGSEND = YES;
				ENABLE_TESTABILITY = YES;
				ENABLE_USER_SCRIPT_SANDBOXING = YES;
				GCC_C_LANGUAGE_STANDARD = gnu17;
				GCC_DYNAMIC_NO_PIC = NO;
				GCC_NO_COMMON_BLOCKS = YES;
				GCC_OPTIMIZATION_LEVEL = 0;
				GCC_PREPROCESSOR_DEFINITIONS = (
					"DEBUG=1",
					"$(inherited)",
				);
				GCC_WARN_64_TO_32_BIT_CONVERSION = YES;
				GCC_WARN_ABOUT_RETURN_TYPE = YES_ERROR;
				GCC_WARN_UNDECLARED_SELECTOR = YES;
				GCC_WARN_UNINITIALIZED_AUTOS = YES_AGGRESSIVE;
				GCC_WARN_UNUSED_FUNCTION = YES;
				GCC_WARN_UNUSED_VARIABLE = YES;
				IPHONEOS_DEPLOYMENT_TARGET = 17.0;
				LOCALIZATION_PREFERS_STRING_CATALOGS = YES;
				MTL_ENABLE_DEBUG_INFO = INCLUDE_SOURCE;
				MTL_FAST_MATH = YES;
				ONLY_ACTIVE_ARCH = YES;
				SDKROOT = iphoneos;
				SWIFT_ACTIVE_COMPILATION_CONDITIONS = "DEBUG $(inherited)";
				SWIFT_OPTIMIZATION_LEVEL = "-Onone";
			};
			name = Debug;
		};
		2693D5072ADF398A0026C410 /* Release */ = {
			isa = XCBuildConfiguration;
			buildSettings = {
				ALWAYS_SEARCH_USER_PATHS = NO;
				ASSETCATALOG_COMPILER_GENERATE_SWIFT_ASSET_SYMBOL_EXTENSIONS = YES;
				CLANG_ANALYZER_NONNULL = YES;
				CLANG_ANALYZER_NUMBER_OBJECT_CONVERSION = YES_AGGRESSIVE;
				CLANG_CXX_LANGUAGE_STANDARD = "gnu++20";
				CLANG_ENABLE_MODULES = YES;
				CLANG_ENABLE_OBJC_ARC = YES;
				CLANG_ENABLE_OBJC_WEAK = YES;
				CLANG_WARN_BLOCK_CAPTURE_AUTORELEASING = YES;
				CLANG_WARN_BOOL_CONVERSION = YES;
				CLANG_WARN_COMMA = YES;
				CLANG_WARN_CONSTANT_CONVERSION = YES;
				CLANG_WARN_DEPRECATED_OBJC_IMPLEMENTATIONS = YES;
				CLANG_WARN_DIRECT_OBJC_ISA_USAGE = YES_ERROR;
				CLANG_WARN_DOCUMENTATION_COMMENTS = YES;
				CLANG_WARN_EMPTY_BODY = YES;
				CLANG_WARN_ENUM_CONVERSION = YES;
				CLANG_WARN_INFINITE_RECURSION = YES;
				CLANG_WARN_INT_CONVERSION = YES;
				CLANG_WARN_NON_LITERAL_NULL_CONVERSION = YES;
				CLANG_WARN_OBJC_IMPLICIT_RETAIN_SELF = YES;
				CLANG_WARN_OBJC_LITERAL_CONVERSION = YES;
				CLANG_WARN_OBJC_ROOT_CLASS = YES_ERROR;
				CLANG_WARN_QUOTED_INCLUDE_IN_FRAMEWORK_HEADER = YES;
				CLANG_WARN_RANGE_LOOP_ANALYSIS = YES;
				CLANG_WARN_STRICT_PROTOTYPES = YES;
				CLANG_WARN_SUSPICIOUS_MOVE = YES;
				CLANG_WARN_UNGUARDED_AVAILABILITY = YES_AGGRESSIVE;
				CLANG_WARN_UNREACHABLE_CODE = YES;
				CLANG_WARN__DUPLICATE_METHOD_MATCH = YES;
				COPY_PHASE_STRIP = NO;
				DEBUG_INFORMATION_FORMAT = "dwarf-with-dsym";
				ENABLE_NS_ASSERTIONS = NO;
				ENABLE_STRICT_OBJC_MSGSEND = YES;
				ENABLE_USER_SCRIPT_SANDBOXING = YES;
				GCC_C_LANGUAGE_STANDARD = gnu17;
				GCC_NO_COMMON_BLOCKS = YES;
				GCC_WARN_64_TO_32_BIT_CONVERSION = YES;
				GCC_WARN_ABOUT_RETURN_TYPE = YES_ERROR;
				GCC_WARN_UNDECLARED_SELECTOR = YES;
				GCC_WARN_UNINITIALIZED_AUTOS = YES_AGGRESSIVE;
				GCC_WARN_UNUSED_FUNCTION = YES;
				GCC_WARN_UNUSED_VARIABLE = YES;
				IPHONEOS_DEPLOYMENT_TARGET = 17.0;
				LOCALIZATION_PREFERS_STRING_CATALOGS = YES;
				MTL_ENABLE_DEBUG_INFO = NO;
				MTL_FAST_MATH = YES;
				SDKROOT = iphoneos;
				SWIFT_COMPILATION_MODE = wholemodule;
				VALIDATE_PRODUCT = YES;
			};
			name = Release;
		};
		2693D5092ADF398A0026C410 /* Debug */ = {
			isa = XCBuildConfiguration;
			buildSettings = {
				ASSETCATALOG_COMPILER_APPICON_NAME = AppIcon;
				ASSETCATALOG_COMPILER_GLOBAL_ACCENT_COLOR_NAME = AccentColor;
				CODE_SIGN_STYLE = Automatic;
				CURRENT_PROJECT_VERSION = 1;
				DEVELOPMENT_ASSET_PATHS = "\"TicTacToe/Preview Content\"";
				DEVELOPMENT_TEAM = NXP828M8M6;
				ENABLE_PREVIEWS = YES;
				GENERATE_INFOPLIST_FILE = YES;
				INFOPLIST_KEY_UIApplicationSceneManifest_Generation = YES;
				INFOPLIST_KEY_UIApplicationSupportsIndirectInputEvents = YES;
				INFOPLIST_KEY_UILaunchScreen_Generation = YES;
				INFOPLIST_KEY_UISupportedInterfaceOrientations_iPad = "UIInterfaceOrientationPortrait UIInterfaceOrientationPortraitUpsideDown UIInterfaceOrientationLandscapeLeft UIInterfaceOrientationLandscapeRight";
				INFOPLIST_KEY_UISupportedInterfaceOrientations_iPhone = "UIInterfaceOrientationPortrait UIInterfaceOrientationLandscapeLeft UIInterfaceOrientationLandscapeRight";
				LD_RUNPATH_SEARCH_PATHS = (
					"$(inherited)",
					"@executable_path/Frameworks",
				);
				MARKETING_VERSION = 1.0;
				PRODUCT_BUNDLE_IDENTIFIER = com.cg.TicTacToe;
				PRODUCT_NAME = "$(TARGET_NAME)";
				SWIFT_EMIT_LOC_STRINGS = YES;
				SWIFT_VERSION = 5.0;
				TARGETED_DEVICE_FAMILY = "1,2";
			};
			name = Debug;
		};
		2693D50A2ADF398A0026C410 /* Release */ = {
			isa = XCBuildConfiguration;
			buildSettings = {
				ASSETCATALOG_COMPILER_APPICON_NAME = AppIcon;
				ASSETCATALOG_COMPILER_GLOBAL_ACCENT_COLOR_NAME = AccentColor;
				CODE_SIGN_STYLE = Automatic;
				CURRENT_PROJECT_VERSION = 1;
				DEVELOPMENT_ASSET_PATHS = "\"TicTacToe/Preview Content\"";
				DEVELOPMENT_TEAM = NXP828M8M6;
				ENABLE_PREVIEWS = YES;
				GENERATE_INFOPLIST_FILE = YES;
				INFOPLIST_KEY_UIApplicationSceneManifest_Generation = YES;
				INFOPLIST_KEY_UIApplicationSupportsIndirectInputEvents = YES;
				INFOPLIST_KEY_UILaunchScreen_Generation = YES;
				INFOPLIST_KEY_UISupportedInterfaceOrientations_iPad = "UIInterfaceOrientationPortrait UIInterfaceOrientationPortraitUpsideDown UIInterfaceOrientationLandscapeLeft UIInterfaceOrientationLandscapeRight";
				INFOPLIST_KEY_UISupportedInterfaceOrientations_iPhone = "UIInterfaceOrientationPortrait UIInterfaceOrientationLandscapeLeft UIInterfaceOrientationLandscapeRight";
				LD_RUNPATH_SEARCH_PATHS = (
					"$(inherited)",
					"@executable_path/Frameworks",
				);
				MARKETING_VERSION = 1.0;
				PRODUCT_BUNDLE_IDENTIFIER = com.cg.TicTacToe;
				PRODUCT_NAME = "$(TARGET_NAME)";
				SWIFT_EMIT_LOC_STRINGS = YES;
				SWIFT_VERSION = 5.0;
				TARGETED_DEVICE_FAMILY = "1,2";
			};
			name = Release;
		};
/* End XCBuildConfiguration section */

/* Begin XCConfigurationList section */
		2693D4F52ADF39890026C410 /* Build configuration list for PBXProject "TicTacToe-Starter" */ = {
			isa = XCConfigurationList;
			buildConfigurations = (
				2693D5062ADF398A0026C410 /* Debug */,
				2693D5072ADF398A0026C410 /* Release */,
			);
			defaultConfigurationIsVisible = 0;
			defaultConfigurationName = Release;
		};
		2693D5082ADF398A0026C410 /* Build configuration list for PBXNativeTarget "TicTacToe-Starter" */ = {
			isa = XCConfigurationList;
			buildConfigurations = (
				2693D5092ADF398A0026C410 /* Debug */,
				2693D50A2ADF398A0026C410 /* Release */,
			);
			defaultConfigurationIsVisible = 0;
			defaultConfigurationName = Release;
		};
/* End XCConfigurationList section */
	};
	rootObject = 2693D4F22ADF39890026C410 /* Project object */;
}
